
Microsoft Visual Studio Solution File, Format Version 12.00
# Visual Studio Version 16
VisualStudioVersion = 16.0.30523.141
MinimumVisualStudioVersion = 10.0.40219.1
Project("{FAE04EC0-301F-11D3-BF4B-00C04F79EFBC}") = "Mod 2 Ejercicio 1", "Mod 2\Mod 2 Ejercicio 1.csproj", "{6DD0A949-42E5-49C6-91DB-060FF280CED9}"
EndProject
Project("{FAE04EC0-301F-11D3-BF4B-00C04F79EFBC}") = "Mod 2 Ejercicio 2", "Mod 2 Ejercicio 2\Mod 2 Ejercicio 2.csproj", "{62E180FB-B962-40ED-9047-92FB50FDBACD}"
EndProject
Project("{FAE04EC0-301F-11D3-BF4B-00C04F79EFBC}") = "Mod 3 Ejercicio 1", "Mod 3 Ejercicio 1\Mod 3 Ejercicio 1.csproj", "{0B2387DB-F986-4A3C-9C85-545E64BC4470}"
EndProject
Project("{FAE04EC0-301F-11D3-BF4B-00C04F79EFBC}") = "Mod 3 Ejercicio 2", "Mod 3 Ejercicio 2\Mod 3 Ejercicio 2.csproj", "{678DC006-820E-4526-B25B-FB7E6BB3E071}"
EndProject
Project("{FAE04EC0-301F-11D3-BF4B-00C04F79EFBC}") = "Mod 4 Ejercicio 1", "Mod 4 Ejercicio 1\Mod 4 Ejercicio 1.csproj", "{F5C80EB7-1276-4921-BBA3-FE9737359E97}"
EndProject
Project("{FAE04EC0-301F-11D3-BF4B-00C04F79EFBC}") = "Mod 4 Ejercicio 2", "Mod 4 Ejercicio 2\Mod 4 Ejercicio 2.csproj", "{3B0D6D50-D69C-4D22-B780-469E51810872}"
EndProject
Project("{FAE04EC0-301F-11D3-BF4B-00C04F79EFBC}") = "Mod 5 Ejercicio 1", "Mod 5 Ejercicio 1\Mod 5 Ejercicio 1.csproj", "{F01719D7-124C-435C-93B9-46E70C3377CF}"
EndProject
Project("{FAE04EC0-301F-11D3-BF4B-00C04F79EFBC}") = "Mod 5 Ejercicio 2", "Mod 5 Ejercicio 2\Mod 5 Ejercicio 2.csproj", "{DEB6FED3-EBD6-4CDD-86C2-AE3C2FDFF013}"
EndProject
Project("{FAE04EC0-301F-11D3-BF4B-00C04F79EFBC}") = "Mod 5 Ejercicio 3", "Mod 5 Ejercicio 3\Mod 5 Ejercicio 3.csproj", "{8AEA53EC-3DA1-40C6-9BE8-EF9629142AD4}"
EndProject
Project("{FAE04EC0-301F-11D3-BF4B-00C04F79EFBC}") = "Mod 6 Ejercicio 1", "Mod 6 Ejercicio 1\Mod 6 Ejercicio 1.csproj", "{36938CE3-9364-4976-ADA7-B872DB3FF91E}"
EndProject
Project("{FAE04EC0-301F-11D3-BF4B-00C04F79EFBC}") = "Mod 6 Ejercicio 2", "Mod 6 Ejercicio 2\Mod 6 Ejercicio 2.csproj", "{F57BB349-C129-4A35-A541-9AFF675FB8D1}"
EndProject
Project("{FAE04EC0-301F-11D3-BF4B-00C04F79EFBC}") = "Mod 6 Ejercicio 3", "Mod 6 Ejercicio 3\Mod 6 Ejercicio 3.csproj", "{99AF87B5-203C-48B2-AB03-094E70EF72E2}"
EndProject
Project("{FAE04EC0-301F-11D3-BF4B-00C04F79EFBC}") = "Mod 7 Ejercicio 1", "Mod 7 Ejercicio 1\Mod 7 Ejercicio 1.csproj", "{FD2048AA-AFAD-4E03-8BAC-BE5959F59F38}"
EndProject
Project("{FAE04EC0-301F-11D3-BF4B-00C04F79EFBC}") = "Mod 8 Ejercicio 1", "Mod 8 Ejercicio 1\Mod 8 Ejercicio 1.csproj", "{74D1CF92-85C9-4850-88AC-D05F0D031971}"
EndProject
Project("{FAE04EC0-301F-11D3-BF4B-00C04F79EFBC}") = "Mod 8 Ejercicio 2", "Mod 8 Ejercicio 2\Mod 8 Ejercicio 2.csproj", "{1C15B1F4-A43A-4172-B1F7-A72D3549D03C}"
EndProject
Project("{FAE04EC0-301F-11D3-BF4B-00C04F79EFBC}") = "Mod 8 Ejercicio 3", "Mod 8 Ejercicio 3\Mod 8 Ejercicio 3.csproj", "{D509D210-7D76-4DBC-AE0D-5F63AABD27D9}"
EndProject
Project("{FAE04EC0-301F-11D3-BF4B-00C04F79EFBC}") = "Mod 9 Ejercicio 1", "Mod 9 Ejercicio 1\Mod 9 Ejercicio 1.csproj", "{0288B546-2899-484D-9DCC-4E6E38CEFB0C}"
EndProject
Project("{FAE04EC0-301F-11D3-BF4B-00C04F79EFBC}") = "Mod 9 Ejercicio 2", "Mod 9 Ejercicio 2\Mod 9 Ejercicio 2.csproj", "{A0170520-10D3-4187-A930-5D53F1ADAB8E}"
EndProject
Project("{FAE04EC0-301F-11D3-BF4B-00C04F79EFBC}") = "Mod 10 Ejercicio 1", "Mod 10 Ejercicio 1\Mod 10 Ejercicio 1.csproj", "{99B4A719-963F-4592-8945-94E391BC8709}"
EndProject
Project("{FAE04EC0-301F-11D3-BF4B-00C04F79EFBC}") = "Mod 10 Ejercicio 2", "Mod 10 Ejercicio 2\Mod 10 Ejercicio 2.csproj", "{87506EF8-4668-4E75-9B45-C0E4BA63DB49}"
EndProject
Project("{FAE04EC0-301F-11D3-BF4B-00C04F79EFBC}") = "Mod 11 Ejercicio 1", "Mod 11 Ejercicio 1\Mod 11 Ejercicio 1.csproj", "{30C5BF00-77CE-4836-ACB5-C67ECF9C3FA9}"
EndProject
Project("{FAE04EC0-301F-11D3-BF4B-00C04F79EFBC}") = "Mod 11 Ejercicio 2", "Mod 11 Ejercicio 2\Mod 11 Ejercicio 2.csproj", "{B99C4688-0CDA-4ABE-88AE-CB5BF48C4C15}"
EndProject
Project("{FAE04EC0-301F-11D3-BF4B-00C04F79EFBC}") = "Mod 12 Ejercicio 1", "Mod 12 Ejercicio 1\Mod 12 Ejercicio 1.csproj", "{4256C8CA-3017-4E99-AB88-D280E953AFAC}"
EndProject
Project("{FAE04EC0-301F-11D3-BF4B-00C04F79EFBC}") = "Mod 12 Ejercicio 2", "Mod 12 Ejercicio 2\Mod 12 Ejercicio 2.csproj", "{DB145CC8-170A-496F-9B0A-C3217FE84F92}"
EndProject
Project("{FAE04EC0-301F-11D3-BF4B-00C04F79EFBC}") = "Mod 13 Ejercicio 1", "Mod 13 Ejercicio 1\Mod 13 Ejercicio 1.csproj", "{3CEEC19D-A5E5-48E0-B751-6E07E2254FD3}"
EndProject
Project("{FAE04EC0-301F-11D3-BF4B-00C04F79EFBC}") = "Mod 13 Ejercicio 2", "Mod 13 Ejercicio 2\Mod 13 Ejercicio 2.csproj", "{3A04B793-23C4-4517-BFF7-26E775B3BD03}"
EndProject
Project("{FAE04EC0-301F-11D3-BF4B-00C04F79EFBC}") = "Mod 13 Ejercicio 3", "Mod 13 Ejercicio 3\Mod 13 Ejercicio 3.csproj", "{E8543392-D172-409D-9FB7-5BBFA449828B}"
EndProject
Global
	GlobalSection(SolutionConfigurationPlatforms) = preSolution
		Debug|Any CPU = Debug|Any CPU
		Release|Any CPU = Release|Any CPU
	EndGlobalSection
	GlobalSection(ProjectConfigurationPlatforms) = postSolution
		{6DD0A949-42E5-49C6-91DB-060FF280CED9}.Debug|Any CPU.ActiveCfg = Debug|Any CPU
		{6DD0A949-42E5-49C6-91DB-060FF280CED9}.Debug|Any CPU.Build.0 = Debug|Any CPU
		{6DD0A949-42E5-49C6-91DB-060FF280CED9}.Release|Any CPU.ActiveCfg = Release|Any CPU
		{6DD0A949-42E5-49C6-91DB-060FF280CED9}.Release|Any CPU.Build.0 = Release|Any CPU
		{62E180FB-B962-40ED-9047-92FB50FDBACD}.Debug|Any CPU.ActiveCfg = Debug|Any CPU
		{62E180FB-B962-40ED-9047-92FB50FDBACD}.Debug|Any CPU.Build.0 = Debug|Any CPU
		{62E180FB-B962-40ED-9047-92FB50FDBACD}.Release|Any CPU.ActiveCfg = Release|Any CPU
		{62E180FB-B962-40ED-9047-92FB50FDBACD}.Release|Any CPU.Build.0 = Release|Any CPU
		{0B2387DB-F986-4A3C-9C85-545E64BC4470}.Debug|Any CPU.ActiveCfg = Debug|Any CPU
		{0B2387DB-F986-4A3C-9C85-545E64BC4470}.Debug|Any CPU.Build.0 = Debug|Any CPU
		{0B2387DB-F986-4A3C-9C85-545E64BC4470}.Release|Any CPU.ActiveCfg = Release|Any CPU
		{0B2387DB-F986-4A3C-9C85-545E64BC4470}.Release|Any CPU.Build.0 = Release|Any CPU
		{678DC006-820E-4526-B25B-FB7E6BB3E071}.Debug|Any CPU.ActiveCfg = Debug|Any CPU
		{678DC006-820E-4526-B25B-FB7E6BB3E071}.Debug|Any CPU.Build.0 = Debug|Any CPU
		{678DC006-820E-4526-B25B-FB7E6BB3E071}.Release|Any CPU.ActiveCfg = Release|Any CPU
		{678DC006-820E-4526-B25B-FB7E6BB3E071}.Release|Any CPU.Build.0 = Release|Any CPU
		{F5C80EB7-1276-4921-BBA3-FE9737359E97}.Debug|Any CPU.ActiveCfg = Debug|Any CPU
		{F5C80EB7-1276-4921-BBA3-FE9737359E97}.Debug|Any CPU.Build.0 = Debug|Any CPU
		{F5C80EB7-1276-4921-BBA3-FE9737359E97}.Release|Any CPU.ActiveCfg = Release|Any CPU
		{F5C80EB7-1276-4921-BBA3-FE9737359E97}.Release|Any CPU.Build.0 = Release|Any CPU
		{3B0D6D50-D69C-4D22-B780-469E51810872}.Debug|Any CPU.ActiveCfg = Debug|Any CPU
		{3B0D6D50-D69C-4D22-B780-469E51810872}.Debug|Any CPU.Build.0 = Debug|Any CPU
		{3B0D6D50-D69C-4D22-B780-469E51810872}.Release|Any CPU.ActiveCfg = Release|Any CPU
		{3B0D6D50-D69C-4D22-B780-469E51810872}.Release|Any CPU.Build.0 = Release|Any CPU
		{F01719D7-124C-435C-93B9-46E70C3377CF}.Debug|Any CPU.ActiveCfg = Debug|Any CPU
		{F01719D7-124C-435C-93B9-46E70C3377CF}.Debug|Any CPU.Build.0 = Debug|Any CPU
		{F01719D7-124C-435C-93B9-46E70C3377CF}.Release|Any CPU.ActiveCfg = Release|Any CPU
		{F01719D7-124C-435C-93B9-46E70C3377CF}.Release|Any CPU.Build.0 = Release|Any CPU
		{DEB6FED3-EBD6-4CDD-86C2-AE3C2FDFF013}.Debug|Any CPU.ActiveCfg = Debug|Any CPU
		{DEB6FED3-EBD6-4CDD-86C2-AE3C2FDFF013}.Debug|Any CPU.Build.0 = Debug|Any CPU
		{DEB6FED3-EBD6-4CDD-86C2-AE3C2FDFF013}.Release|Any CPU.ActiveCfg = Release|Any CPU
		{DEB6FED3-EBD6-4CDD-86C2-AE3C2FDFF013}.Release|Any CPU.Build.0 = Release|Any CPU
		{8AEA53EC-3DA1-40C6-9BE8-EF9629142AD4}.Debug|Any CPU.ActiveCfg = Debug|Any CPU
		{8AEA53EC-3DA1-40C6-9BE8-EF9629142AD4}.Debug|Any CPU.Build.0 = Debug|Any CPU
		{8AEA53EC-3DA1-40C6-9BE8-EF9629142AD4}.Release|Any CPU.ActiveCfg = Release|Any CPU
		{8AEA53EC-3DA1-40C6-9BE8-EF9629142AD4}.Release|Any CPU.Build.0 = Release|Any CPU
		{36938CE3-9364-4976-ADA7-B872DB3FF91E}.Debug|Any CPU.ActiveCfg = Debug|Any CPU
		{36938CE3-9364-4976-ADA7-B872DB3FF91E}.Debug|Any CPU.Build.0 = Debug|Any CPU
		{36938CE3-9364-4976-ADA7-B872DB3FF91E}.Release|Any CPU.ActiveCfg = Release|Any CPU
		{36938CE3-9364-4976-ADA7-B872DB3FF91E}.Release|Any CPU.Build.0 = Release|Any CPU
		{F57BB349-C129-4A35-A541-9AFF675FB8D1}.Debug|Any CPU.ActiveCfg = Debug|Any CPU
		{F57BB349-C129-4A35-A541-9AFF675FB8D1}.Debug|Any CPU.Build.0 = Debug|Any CPU
		{F57BB349-C129-4A35-A541-9AFF675FB8D1}.Release|Any CPU.ActiveCfg = Release|Any CPU
		{F57BB349-C129-4A35-A541-9AFF675FB8D1}.Release|Any CPU.Build.0 = Release|Any CPU
		{99AF87B5-203C-48B2-AB03-094E70EF72E2}.Debug|Any CPU.ActiveCfg = Debug|Any CPU
		{99AF87B5-203C-48B2-AB03-094E70EF72E2}.Debug|Any CPU.Build.0 = Debug|Any CPU
		{99AF87B5-203C-48B2-AB03-094E70EF72E2}.Release|Any CPU.ActiveCfg = Release|Any CPU
		{99AF87B5-203C-48B2-AB03-094E70EF72E2}.Release|Any CPU.Build.0 = Release|Any CPU
		{FD2048AA-AFAD-4E03-8BAC-BE5959F59F38}.Debug|Any CPU.ActiveCfg = Debug|Any CPU
		{FD2048AA-AFAD-4E03-8BAC-BE5959F59F38}.Debug|Any CPU.Build.0 = Debug|Any CPU
		{FD2048AA-AFAD-4E03-8BAC-BE5959F59F38}.Release|Any CPU.ActiveCfg = Release|Any CPU
		{FD2048AA-AFAD-4E03-8BAC-BE5959F59F38}.Release|Any CPU.Build.0 = Release|Any CPU
		{74D1CF92-85C9-4850-88AC-D05F0D031971}.Debug|Any CPU.ActiveCfg = Debug|Any CPU
		{74D1CF92-85C9-4850-88AC-D05F0D031971}.Debug|Any CPU.Build.0 = Debug|Any CPU
		{74D1CF92-85C9-4850-88AC-D05F0D031971}.Release|Any CPU.ActiveCfg = Release|Any CPU
		{74D1CF92-85C9-4850-88AC-D05F0D031971}.Release|Any CPU.Build.0 = Release|Any CPU
		{1C15B1F4-A43A-4172-B1F7-A72D3549D03C}.Debug|Any CPU.ActiveCfg = Debug|Any CPU
		{1C15B1F4-A43A-4172-B1F7-A72D3549D03C}.Debug|Any CPU.Build.0 = Debug|Any CPU
		{1C15B1F4-A43A-4172-B1F7-A72D3549D03C}.Release|Any CPU.ActiveCfg = Release|Any CPU
		{1C15B1F4-A43A-4172-B1F7-A72D3549D03C}.Release|Any CPU.Build.0 = Release|Any CPU
		{D509D210-7D76-4DBC-AE0D-5F63AABD27D9}.Debug|Any CPU.ActiveCfg = Debug|Any CPU
		{D509D210-7D76-4DBC-AE0D-5F63AABD27D9}.Debug|Any CPU.Build.0 = Debug|Any CPU
		{D509D210-7D76-4DBC-AE0D-5F63AABD27D9}.Release|Any CPU.ActiveCfg = Release|Any CPU
		{D509D210-7D76-4DBC-AE0D-5F63AABD27D9}.Release|Any CPU.Build.0 = Release|Any CPU
		{0288B546-2899-484D-9DCC-4E6E38CEFB0C}.Debug|Any CPU.ActiveCfg = Debug|Any CPU
		{0288B546-2899-484D-9DCC-4E6E38CEFB0C}.Debug|Any CPU.Build.0 = Debug|Any CPU
		{0288B546-2899-484D-9DCC-4E6E38CEFB0C}.Release|Any CPU.ActiveCfg = Release|Any CPU
		{0288B546-2899-484D-9DCC-4E6E38CEFB0C}.Release|Any CPU.Build.0 = Release|Any CPU
		{A0170520-10D3-4187-A930-5D53F1ADAB8E}.Debug|Any CPU.ActiveCfg = Debug|Any CPU
		{A0170520-10D3-4187-A930-5D53F1ADAB8E}.Debug|Any CPU.Build.0 = Debug|Any CPU
		{A0170520-10D3-4187-A930-5D53F1ADAB8E}.Release|Any CPU.ActiveCfg = Release|Any CPU
		{A0170520-10D3-4187-A930-5D53F1ADAB8E}.Release|Any CPU.Build.0 = Release|Any CPU
		{99B4A719-963F-4592-8945-94E391BC8709}.Debug|Any CPU.ActiveCfg = Debug|Any CPU
		{99B4A719-963F-4592-8945-94E391BC8709}.Debug|Any CPU.Build.0 = Debug|Any CPU
		{99B4A719-963F-4592-8945-94E391BC8709}.Release|Any CPU.ActiveCfg = Release|Any CPU
		{99B4A719-963F-4592-8945-94E391BC8709}.Release|Any CPU.Build.0 = Release|Any CPU
		{87506EF8-4668-4E75-9B45-C0E4BA63DB49}.Debug|Any CPU.ActiveCfg = Debug|Any CPU
		{87506EF8-4668-4E75-9B45-C0E4BA63DB49}.Debug|Any CPU.Build.0 = Debug|Any CPU
		{87506EF8-4668-4E75-9B45-C0E4BA63DB49}.Release|Any CPU.ActiveCfg = Release|Any CPU
		{87506EF8-4668-4E75-9B45-C0E4BA63DB49}.Release|Any CPU.Build.0 = Release|Any CPU
		{30C5BF00-77CE-4836-ACB5-C67ECF9C3FA9}.Debug|Any CPU.ActiveCfg = Debug|Any CPU
		{30C5BF00-77CE-4836-ACB5-C67ECF9C3FA9}.Debug|Any CPU.Build.0 = Debug|Any CPU
		{30C5BF00-77CE-4836-ACB5-C67ECF9C3FA9}.Release|Any CPU.ActiveCfg = Release|Any CPU
		{30C5BF00-77CE-4836-ACB5-C67ECF9C3FA9}.Release|Any CPU.Build.0 = Release|Any CPU
		{B99C4688-0CDA-4ABE-88AE-CB5BF48C4C15}.Debug|Any CPU.ActiveCfg = Debug|Any CPU
		{B99C4688-0CDA-4ABE-88AE-CB5BF48C4C15}.Debug|Any CPU.Build.0 = Debug|Any CPU
		{B99C4688-0CDA-4ABE-88AE-CB5BF48C4C15}.Release|Any CPU.ActiveCfg = Release|Any CPU
		{B99C4688-0CDA-4ABE-88AE-CB5BF48C4C15}.Release|Any CPU.Build.0 = Release|Any CPU
		{4256C8CA-3017-4E99-AB88-D280E953AFAC}.Debug|Any CPU.ActiveCfg = Debug|Any CPU
		{4256C8CA-3017-4E99-AB88-D280E953AFAC}.Debug|Any CPU.Build.0 = Debug|Any CPU
		{4256C8CA-3017-4E99-AB88-D280E953AFAC}.Release|Any CPU.ActiveCfg = Release|Any CPU
		{4256C8CA-3017-4E99-AB88-D280E953AFAC}.Release|Any CPU.Build.0 = Release|Any CPU
		{DB145CC8-170A-496F-9B0A-C3217FE84F92}.Debug|Any CPU.ActiveCfg = Debug|Any CPU
		{DB145CC8-170A-496F-9B0A-C3217FE84F92}.Debug|Any CPU.Build.0 = Debug|Any CPU
		{DB145CC8-170A-496F-9B0A-C3217FE84F92}.Release|Any CPU.ActiveCfg = Release|Any CPU
		{DB145CC8-170A-496F-9B0A-C3217FE84F92}.Release|Any CPU.Build.0 = Release|Any CPU
		{3CEEC19D-A5E5-48E0-B751-6E07E2254FD3}.Debug|Any CPU.ActiveCfg = Debug|Any CPU
		{3CEEC19D-A5E5-48E0-B751-6E07E2254FD3}.Debug|Any CPU.Build.0 = Debug|Any CPU
		{3CEEC19D-A5E5-48E0-B751-6E07E2254FD3}.Release|Any CPU.ActiveCfg = Release|Any CPU
		{3CEEC19D-A5E5-48E0-B751-6E07E2254FD3}.Release|Any CPU.Build.0 = Release|Any CPU
		{3A04B793-23C4-4517-BFF7-26E775B3BD03}.Debug|Any CPU.ActiveCfg = Debug|Any CPU
		{3A04B793-23C4-4517-BFF7-26E775B3BD03}.Debug|Any CPU.Build.0 = Debug|Any CPU
		{3A04B793-23C4-4517-BFF7-26E775B3BD03}.Release|Any CPU.ActiveCfg = Release|Any CPU
		{3A04B793-23C4-4517-BFF7-26E775B3BD03}.Release|Any CPU.Build.0 = Release|Any CPU
		{E8543392-D172-409D-9FB7-5BBFA449828B}.Debug|Any CPU.ActiveCfg = Debug|Any CPU
		{E8543392-D172-409D-9FB7-5BBFA449828B}.Debug|Any CPU.Build.0 = Debug|Any CPU
		{E8543392-D172-409D-9FB7-5BBFA449828B}.Release|Any CPU.ActiveCfg = Release|Any CPU
		{E8543392-D172-409D-9FB7-5BBFA449828B}.Release|Any CPU.Build.0 = Release|Any CPU
	EndGlobalSection
	GlobalSection(SolutionProperties) = preSolution
		HideSolutionNode = FALSE
	EndGlobalSection
	GlobalSection(ExtensibilityGlobals) = postSolution
		SolutionGuid = {7B990E88-8206-418C-B862-AE5BFFC1D551}
	EndGlobalSection
EndGlobal
