
Microsoft Visual Studio Solution File, Format Version 12.00
# Visual Studio Version 16
VisualStudioVersion = 16.0.30523.141
MinimumVisualStudioVersion = 10.0.40219.1
Project("{FAE04EC0-301F-11D3-BF4B-00C04F79EFBC}") = "Mod 2 Ejercicio 1", "Mod 2\Mod 2 Ejercicio 1.csproj", "{6DD0A949-42E5-49C6-91DB-060FF280CED9}"
EndProject
Global
	GlobalSection(SolutionConfigurationPlatforms) = preSolution
		Debug|Any CPU = Debug|Any CPU
		Release|Any CPU = Release|Any CPU
	EndGlobalSection
	GlobalSection(ProjectConfigurationPlatforms) = postSolution
		{6DD0A949-42E5-49C6-91DB-060FF280CED9}.Debug|Any CPU.ActiveCfg = Debug|Any CPU
		{6DD0A949-42E5-49C6-91DB-060FF280CED9}.Debug|Any CPU.Build.0 = Debug|Any CPU
		{6DD0A949-42E5-49C6-91DB-060FF280CED9}.Release|Any CPU.ActiveCfg = Release|Any CPU
		{6DD0A949-42E5-49C6-91DB-060FF280CED9}.Release|Any CPU.Build.0 = Release|Any CPU
	EndGlobalSection
	GlobalSection(SolutionProperties) = preSolution
		HideSolutionNode = FALSE
	EndGlobalSection
	GlobalSection(ExtensibilityGlobals) = postSolution
		SolutionGuid = {7B990E88-8206-418C-B862-AE5BFFC1D551}
	EndGlobalSection
EndGlobal
